
Microsoft Visual Studio Solution File, Format Version 12.00
# Visual Studio 15
VisualStudioVersion = 15.0.27703.2042
MinimumVisualStudioVersion = 10.0.40219.1
Project("{FAE04EC0-301F-11D3-BF4B-00C04F79EFBC}") = "Software2Project_DakodaWillden_V1", "Software2Project_DakodaWillden_V1\Software2Project_DakodaWillden_V1.csproj", "{78F5BD4D-838D-4C5C-A585-762E2E157F4C}"
EndProject
Global
	GlobalSection(SolutionConfigurationPlatforms) = preSolution
		Debug|Any CPU = Debug|Any CPU
		Release|Any CPU = Release|Any CPU
	EndGlobalSection
	GlobalSection(ProjectConfigurationPlatforms) = postSolution
		{78F5BD4D-838D-4C5C-A585-762E2E157F4C}.Debug|Any CPU.ActiveCfg = Debug|Any CPU
		{78F5BD4D-838D-4C5C-A585-762E2E157F4C}.Debug|Any CPU.Build.0 = Debug|Any CPU
		{78F5BD4D-838D-4C5C-A585-762E2E157F4C}.Release|Any CPU.ActiveCfg = Release|Any CPU
		{78F5BD4D-838D-4C5C-A585-762E2E157F4C}.Release|Any CPU.Build.0 = Release|Any CPU
	EndGlobalSection
	GlobalSection(SolutionProperties) = preSolution
		HideSolutionNode = FALSE
	EndGlobalSection
	GlobalSection(ExtensibilityGlobals) = postSolution
		SolutionGuid = {18966407-80DE-44A8-9C00-86F4673D049C}
	EndGlobalSection
EndGlobal
